{
  "version": 4,
  "terraform_version": "0.12.24",
  "serial": 237,
  "lineage": "1eaa1db5-8c3e-3bf4-a478-fcfb7dafa57b",
  "outputs": {
    "IPs": {
      "value": [
        [
          "192.168.122.189"
        ],
        [
          "192.168.122.82"
        ],
        [
          "192.168.122.45"
        ]
      ],
      "type": [
        "tuple",
        [
          [
            "list",
            "string"
          ],
          [
            "list",
            "string"
          ],
          [
            "list",
            "string"
          ]
        ]
      ]
    }
  },
  "resources": [
    {
      "mode": "data",
      "type": "template_file",
      "name": "user_data",
      "each": "list",
      "provider": "provider.template",
      "instances": [
        {
          "index_key": 0,
          "schema_version": 0,
          "attributes": {
            "filename": null,
            "id": "a95768c937c29119e1dc1f8f29d6168a1cfa6f08dff1bad8b30babddec94364a",
            "rendered": "#cloud-config\nusers:\n  - name: pankaj\n    sudo: ALL=(ALL) NOPASSWD:ALL\n    groups: users, admin, wheel\n    home: /home/pankaj\n    shell: /bin/bash\n    ssh-authorized-keys:\n      - ssh-rsa AAAAB3NzaC1yc2EAAAADAQABAAABAQDTKY0ShGVh6j3i+tK2xpb+LSNSFLb0Dj58VizeWPEynebXZJrzjofDvMC7vs72EsOzy7+hum3/bke9f7eTKpI76mUTLoJlmgy/u4a7W3hP4yDcj+8e3KMU8+GjAVgkfC8bh3ZvhH80Wu2M7N4mMHBkloq2Py8aYw4P2A945txC/PTbJfbybaWA5K5/wey8/5OXNRdqobgIsaDyljYfkitCVKxZhpzxtxLWpp9gGRHibAA98WLglS10jVgcIabyEl9IMVu6CXowD5GzF3PqFWrQiecLKHzKcPWT4l7u/G5FMrw4P8xY4AY4G8y4DzWabqmn/f/HcxID8EpM6kBzrpth \nssh_pwauth: True\ndisable_root: false\nchpasswd:\n  list: |\n     pankaj:linux\n  expire: False\npackage_update: true\npackages:\n    - qemu-guest-agent\ngrowpart:\n  mode: auto\n  devices: ['/']\nruncmd:\n  # Set hostname\n  - hostnamectl set-hostname master01",
            "template": "#cloud-config\nusers:\n  - name: pankaj\n    sudo: ALL=(ALL) NOPASSWD:ALL\n    groups: users, admin, wheel\n    home: /home/pankaj\n    shell: /bin/bash\n    ssh-authorized-keys:\n      - ssh-rsa AAAAB3NzaC1yc2EAAAADAQABAAABAQDTKY0ShGVh6j3i+tK2xpb+LSNSFLb0Dj58VizeWPEynebXZJrzjofDvMC7vs72EsOzy7+hum3/bke9f7eTKpI76mUTLoJlmgy/u4a7W3hP4yDcj+8e3KMU8+GjAVgkfC8bh3ZvhH80Wu2M7N4mMHBkloq2Py8aYw4P2A945txC/PTbJfbybaWA5K5/wey8/5OXNRdqobgIsaDyljYfkitCVKxZhpzxtxLWpp9gGRHibAA98WLglS10jVgcIabyEl9IMVu6CXowD5GzF3PqFWrQiecLKHzKcPWT4l7u/G5FMrw4P8xY4AY4G8y4DzWabqmn/f/HcxID8EpM6kBzrpth \nssh_pwauth: True\ndisable_root: false\nchpasswd:\n  list: |\n     pankaj:linux\n  expire: False\npackage_update: true\npackages:\n    - qemu-guest-agent\ngrowpart:\n  mode: auto\n  devices: ['/']\nruncmd:\n  # Set hostname\n  - hostnamectl set-hostname ${HOSTNAME}",
            "vars": {
              "HOSTNAME": "master01"
            }
          }
        },
        {
          "index_key": 1,
          "schema_version": 0,
          "attributes": {
            "filename": null,
            "id": "545bc841309c339b52be3b939c1f6146dc7fa755a7bb72a92da3e0c0088eb2ad",
            "rendered": "#cloud-config\nusers:\n  - name: pankaj\n    sudo: ALL=(ALL) NOPASSWD:ALL\n    groups: users, admin, wheel\n    home: /home/pankaj\n    shell: /bin/bash\n    ssh-authorized-keys:\n      - ssh-rsa AAAAB3NzaC1yc2EAAAADAQABAAABAQDTKY0ShGVh6j3i+tK2xpb+LSNSFLb0Dj58VizeWPEynebXZJrzjofDvMC7vs72EsOzy7+hum3/bke9f7eTKpI76mUTLoJlmgy/u4a7W3hP4yDcj+8e3KMU8+GjAVgkfC8bh3ZvhH80Wu2M7N4mMHBkloq2Py8aYw4P2A945txC/PTbJfbybaWA5K5/wey8/5OXNRdqobgIsaDyljYfkitCVKxZhpzxtxLWpp9gGRHibAA98WLglS10jVgcIabyEl9IMVu6CXowD5GzF3PqFWrQiecLKHzKcPWT4l7u/G5FMrw4P8xY4AY4G8y4DzWabqmn/f/HcxID8EpM6kBzrpth \nssh_pwauth: True\ndisable_root: false\nchpasswd:\n  list: |\n     pankaj:linux\n  expire: False\npackage_update: true\npackages:\n    - qemu-guest-agent\ngrowpart:\n  mode: auto\n  devices: ['/']\nruncmd:\n  # Set hostname\n  - hostnamectl set-hostname worker01",
            "template": "#cloud-config\nusers:\n  - name: pankaj\n    sudo: ALL=(ALL) NOPASSWD:ALL\n    groups: users, admin, wheel\n    home: /home/pankaj\n    shell: /bin/bash\n    ssh-authorized-keys:\n      - ssh-rsa AAAAB3NzaC1yc2EAAAADAQABAAABAQDTKY0ShGVh6j3i+tK2xpb+LSNSFLb0Dj58VizeWPEynebXZJrzjofDvMC7vs72EsOzy7+hum3/bke9f7eTKpI76mUTLoJlmgy/u4a7W3hP4yDcj+8e3KMU8+GjAVgkfC8bh3ZvhH80Wu2M7N4mMHBkloq2Py8aYw4P2A945txC/PTbJfbybaWA5K5/wey8/5OXNRdqobgIsaDyljYfkitCVKxZhpzxtxLWpp9gGRHibAA98WLglS10jVgcIabyEl9IMVu6CXowD5GzF3PqFWrQiecLKHzKcPWT4l7u/G5FMrw4P8xY4AY4G8y4DzWabqmn/f/HcxID8EpM6kBzrpth \nssh_pwauth: True\ndisable_root: false\nchpasswd:\n  list: |\n     pankaj:linux\n  expire: False\npackage_update: true\npackages:\n    - qemu-guest-agent\ngrowpart:\n  mode: auto\n  devices: ['/']\nruncmd:\n  # Set hostname\n  - hostnamectl set-hostname ${HOSTNAME}",
            "vars": {
              "HOSTNAME": "worker01"
            }
          }
        },
        {
          "index_key": 2,
          "schema_version": 0,
          "attributes": {
            "filename": null,
            "id": "a3266000f3ff23f0576db98dbbc1970331972239ac8f71f831a612db87ee3551",
            "rendered": "#cloud-config\nusers:\n  - name: pankaj\n    sudo: ALL=(ALL) NOPASSWD:ALL\n    groups: users, admin, wheel\n    home: /home/pankaj\n    shell: /bin/bash\n    ssh-authorized-keys:\n      - ssh-rsa AAAAB3NzaC1yc2EAAAADAQABAAABAQDTKY0ShGVh6j3i+tK2xpb+LSNSFLb0Dj58VizeWPEynebXZJrzjofDvMC7vs72EsOzy7+hum3/bke9f7eTKpI76mUTLoJlmgy/u4a7W3hP4yDcj+8e3KMU8+GjAVgkfC8bh3ZvhH80Wu2M7N4mMHBkloq2Py8aYw4P2A945txC/PTbJfbybaWA5K5/wey8/5OXNRdqobgIsaDyljYfkitCVKxZhpzxtxLWpp9gGRHibAA98WLglS10jVgcIabyEl9IMVu6CXowD5GzF3PqFWrQiecLKHzKcPWT4l7u/G5FMrw4P8xY4AY4G8y4DzWabqmn/f/HcxID8EpM6kBzrpth \nssh_pwauth: True\ndisable_root: false\nchpasswd:\n  list: |\n     pankaj:linux\n  expire: False\npackage_update: true\npackages:\n    - qemu-guest-agent\ngrowpart:\n  mode: auto\n  devices: ['/']\nruncmd:\n  # Set hostname\n  - hostnamectl set-hostname worker02",
            "template": "#cloud-config\nusers:\n  - name: pankaj\n    sudo: ALL=(ALL) NOPASSWD:ALL\n    groups: users, admin, wheel\n    home: /home/pankaj\n    shell: /bin/bash\n    ssh-authorized-keys:\n      - ssh-rsa AAAAB3NzaC1yc2EAAAADAQABAAABAQDTKY0ShGVh6j3i+tK2xpb+LSNSFLb0Dj58VizeWPEynebXZJrzjofDvMC7vs72EsOzy7+hum3/bke9f7eTKpI76mUTLoJlmgy/u4a7W3hP4yDcj+8e3KMU8+GjAVgkfC8bh3ZvhH80Wu2M7N4mMHBkloq2Py8aYw4P2A945txC/PTbJfbybaWA5K5/wey8/5OXNRdqobgIsaDyljYfkitCVKxZhpzxtxLWpp9gGRHibAA98WLglS10jVgcIabyEl9IMVu6CXowD5GzF3PqFWrQiecLKHzKcPWT4l7u/G5FMrw4P8xY4AY4G8y4DzWabqmn/f/HcxID8EpM6kBzrpth \nssh_pwauth: True\ndisable_root: false\nchpasswd:\n  list: |\n     pankaj:linux\n  expire: False\npackage_update: true\npackages:\n    - qemu-guest-agent\ngrowpart:\n  mode: auto\n  devices: ['/']\nruncmd:\n  # Set hostname\n  - hostnamectl set-hostname ${HOSTNAME}",
            "vars": {
              "HOSTNAME": "worker02"
            }
          }
        }
      ]
    },
    {
      "mode": "managed",
      "type": "libvirt_cloudinit_disk",
      "name": "commoninit",
      "each": "list",
      "provider": "provider.libvirt",
      "instances": [
        {
          "index_key": 0,
          "schema_version": 0,
          "attributes": {
            "id": "/myvm/myvm/commoninit0.iso;5ebadf4e-d7b8-21af-043a-a11c00b2e644",
            "meta_data": "",
            "name": "commoninit0.iso",
            "network_config": "",
            "pool": "MyVM",
            "user_data": "#cloud-config\nusers:\n  - name: pankaj\n    sudo: ALL=(ALL) NOPASSWD:ALL\n    groups: users, admin, wheel\n    home: /home/pankaj\n    shell: /bin/bash\n    ssh-authorized-keys:\n      - ssh-rsa AAAAB3NzaC1yc2EAAAADAQABAAABAQDTKY0ShGVh6j3i+tK2xpb+LSNSFLb0Dj58VizeWPEynebXZJrzjofDvMC7vs72EsOzy7+hum3/bke9f7eTKpI76mUTLoJlmgy/u4a7W3hP4yDcj+8e3KMU8+GjAVgkfC8bh3ZvhH80Wu2M7N4mMHBkloq2Py8aYw4P2A945txC/PTbJfbybaWA5K5/wey8/5OXNRdqobgIsaDyljYfkitCVKxZhpzxtxLWpp9gGRHibAA98WLglS10jVgcIabyEl9IMVu6CXowD5GzF3PqFWrQiecLKHzKcPWT4l7u/G5FMrw4P8xY4AY4G8y4DzWabqmn/f/HcxID8EpM6kBzrpth \nssh_pwauth: True\ndisable_root: false\nchpasswd:\n  list: |\n     pankaj:linux\n  expire: False\npackage_update: true\npackages:\n    - qemu-guest-agent\ngrowpart:\n  mode: auto\n  devices: ['/']\nruncmd:\n  # Set hostname\n  - hostnamectl set-hostname master01"
          },
          "private": "bnVsbA=="
        },
        {
          "index_key": 1,
          "schema_version": 0,
          "attributes": {
            "id": "/myvm/myvm/commoninit1.iso;5ebadf4e-e0b6-8e3e-00d2-bb5117762c6e",
            "meta_data": "",
            "name": "commoninit1.iso",
            "network_config": "",
            "pool": "MyVM",
            "user_data": "#cloud-config\nusers:\n  - name: pankaj\n    sudo: ALL=(ALL) NOPASSWD:ALL\n    groups: users, admin, wheel\n    home: /home/pankaj\n    shell: /bin/bash\n    ssh-authorized-keys:\n      - ssh-rsa AAAAB3NzaC1yc2EAAAADAQABAAABAQDTKY0ShGVh6j3i+tK2xpb+LSNSFLb0Dj58VizeWPEynebXZJrzjofDvMC7vs72EsOzy7+hum3/bke9f7eTKpI76mUTLoJlmgy/u4a7W3hP4yDcj+8e3KMU8+GjAVgkfC8bh3ZvhH80Wu2M7N4mMHBkloq2Py8aYw4P2A945txC/PTbJfbybaWA5K5/wey8/5OXNRdqobgIsaDyljYfkitCVKxZhpzxtxLWpp9gGRHibAA98WLglS10jVgcIabyEl9IMVu6CXowD5GzF3PqFWrQiecLKHzKcPWT4l7u/G5FMrw4P8xY4AY4G8y4DzWabqmn/f/HcxID8EpM6kBzrpth \nssh_pwauth: True\ndisable_root: false\nchpasswd:\n  list: |\n     pankaj:linux\n  expire: False\npackage_update: true\npackages:\n    - qemu-guest-agent\ngrowpart:\n  mode: auto\n  devices: ['/']\nruncmd:\n  # Set hostname\n  - hostnamectl set-hostname worker01"
          },
          "private": "bnVsbA=="
        },
        {
          "index_key": 2,
          "schema_version": 0,
          "attributes": {
            "id": "/myvm/myvm/commoninit2.iso;5ebadf4e-6f5f-4f6c-a7c8-5c2f298882e8",
            "meta_data": "",
            "name": "commoninit2.iso",
            "network_config": "",
            "pool": "MyVM",
            "user_data": "#cloud-config\nusers:\n  - name: pankaj\n    sudo: ALL=(ALL) NOPASSWD:ALL\n    groups: users, admin, wheel\n    home: /home/pankaj\n    shell: /bin/bash\n    ssh-authorized-keys:\n      - ssh-rsa AAAAB3NzaC1yc2EAAAADAQABAAABAQDTKY0ShGVh6j3i+tK2xpb+LSNSFLb0Dj58VizeWPEynebXZJrzjofDvMC7vs72EsOzy7+hum3/bke9f7eTKpI76mUTLoJlmgy/u4a7W3hP4yDcj+8e3KMU8+GjAVgkfC8bh3ZvhH80Wu2M7N4mMHBkloq2Py8aYw4P2A945txC/PTbJfbybaWA5K5/wey8/5OXNRdqobgIsaDyljYfkitCVKxZhpzxtxLWpp9gGRHibAA98WLglS10jVgcIabyEl9IMVu6CXowD5GzF3PqFWrQiecLKHzKcPWT4l7u/G5FMrw4P8xY4AY4G8y4DzWabqmn/f/HcxID8EpM6kBzrpth \nssh_pwauth: True\ndisable_root: false\nchpasswd:\n  list: |\n     pankaj:linux\n  expire: False\npackage_update: true\npackages:\n    - qemu-guest-agent\ngrowpart:\n  mode: auto\n  devices: ['/']\nruncmd:\n  # Set hostname\n  - hostnamectl set-hostname worker02"
          },
          "private": "bnVsbA=="
        }
      ]
    },
    {
      "mode": "managed",
      "type": "libvirt_domain",
      "name": "master",
      "each": "list",
      "provider": "provider.libvirt",
      "instances": [
        {
          "index_key": 0,
          "schema_version": 0,
          "attributes": {
            "arch": "x86_64",
            "autostart": false,
            "boot_device": [],
            "cloudinit": "/myvm/myvm/commoninit0.iso;5ebadf4e-d7b8-21af-043a-a11c00b2e644",
            "cmdline": null,
            "console": [
              {
                "source_host": "127.0.0.1",
                "source_path": "",
                "source_service": "0",
                "target_port": "0",
                "target_type": "serial",
                "type": "pty"
              }
            ],
            "coreos_ignition": null,
            "cpu": null,
            "disk": [
              {
                "file": "",
                "scsi": false,
                "url": "",
                "volume_id": "/myvm/myvm/master01.qcow2",
                "wwn": ""
              }
            ],
            "emulator": "/usr/bin/qemu-system-x86_64",
            "filesystem": [],
            "firmware": "",
            "fw_cfg_name": "opt/com.coreos/config",
            "graphics": [
              {
                "autoport": true,
                "listen_address": "127.0.0.1",
                "listen_type": "address",
                "type": "spice"
              }
            ],
            "id": "c56f5015-1972-47f0-b388-4179762965ae",
            "initrd": "",
            "kernel": "",
            "machine": "pc",
            "memory": 1024,
            "metadata": null,
            "name": "master01",
            "network_interface": [
              {
                "addresses": [
                  "192.168.122.189"
                ],
                "bridge": "",
                "hostname": "",
                "mac": "52:54:00:2A:F2:A1",
                "macvtap": "",
                "network_id": "03fd0302-ca8b-4f8a-a3c2-f36133dc5db0",
                "network_name": "default",
                "passthrough": "",
                "vepa": "",
                "wait_for_lease": true
              }
            ],
            "nvram": [],
            "qemu_agent": false,
            "running": true,
            "timeouts": null,
            "vcpu": 1,
            "video": [],
            "xml": []
          },
          "private": "eyJlMmJmYjczMC1lY2FhLTExZTYtOGY4OC0zNDM2M2JjN2M0YzAiOnsiY3JlYXRlIjozMDAwMDAwMDAwMDB9fQ==",
          "dependencies": [
            "libvirt_cloudinit_disk.commoninit",
            "libvirt_volume.k8s"
          ]
        },
        {
          "index_key": 1,
          "schema_version": 0,
          "attributes": {
            "arch": "x86_64",
            "autostart": false,
            "boot_device": [],
            "cloudinit": "/myvm/myvm/commoninit1.iso;5ebadf4e-e0b6-8e3e-00d2-bb5117762c6e",
            "cmdline": null,
            "console": [
              {
                "source_host": "127.0.0.1",
                "source_path": "",
                "source_service": "0",
                "target_port": "0",
                "target_type": "serial",
                "type": "pty"
              }
            ],
            "coreos_ignition": null,
            "cpu": null,
            "disk": [
              {
                "file": "",
                "scsi": false,
                "url": "",
                "volume_id": "/myvm/myvm/worker01.qcow2",
                "wwn": ""
              }
            ],
            "emulator": "/usr/bin/qemu-system-x86_64",
            "filesystem": [],
            "firmware": "",
            "fw_cfg_name": "opt/com.coreos/config",
            "graphics": [
              {
                "autoport": true,
                "listen_address": "127.0.0.1",
                "listen_type": "address",
                "type": "spice"
              }
            ],
            "id": "4bb3a902-c520-4f5b-b4ee-df5d39588408",
            "initrd": "",
            "kernel": "",
            "machine": "pc",
            "memory": 1024,
            "metadata": null,
            "name": "worker01",
            "network_interface": [
              {
                "addresses": [
                  "192.168.122.82"
                ],
                "bridge": "",
                "hostname": "",
                "mac": "52:54:00:4A:8C:CB",
                "macvtap": "",
                "network_id": "03fd0302-ca8b-4f8a-a3c2-f36133dc5db0",
                "network_name": "default",
                "passthrough": "",
                "vepa": "",
                "wait_for_lease": true
              }
            ],
            "nvram": [],
            "qemu_agent": false,
            "running": true,
            "timeouts": null,
            "vcpu": 1,
            "video": [],
            "xml": []
          },
          "private": "eyJlMmJmYjczMC1lY2FhLTExZTYtOGY4OC0zNDM2M2JjN2M0YzAiOnsiY3JlYXRlIjozMDAwMDAwMDAwMDB9fQ==",
          "dependencies": [
            "libvirt_cloudinit_disk.commoninit",
            "libvirt_volume.k8s"
          ]
        },
        {
          "index_key": 2,
          "schema_version": 0,
          "attributes": {
            "arch": "x86_64",
            "autostart": false,
            "boot_device": [],
            "cloudinit": "/myvm/myvm/commoninit2.iso;5ebadf4e-6f5f-4f6c-a7c8-5c2f298882e8",
            "cmdline": null,
            "console": [
              {
                "source_host": "127.0.0.1",
                "source_path": "",
                "source_service": "0",
                "target_port": "0",
                "target_type": "serial",
                "type": "pty"
              }
            ],
            "coreos_ignition": null,
            "cpu": null,
            "disk": [
              {
                "file": "",
                "scsi": false,
                "url": "",
                "volume_id": "/myvm/myvm/worker02.qcow2",
                "wwn": ""
              }
            ],
            "emulator": "/usr/bin/qemu-system-x86_64",
            "filesystem": [],
            "firmware": "",
            "fw_cfg_name": "opt/com.coreos/config",
            "graphics": [
              {
                "autoport": true,
                "listen_address": "127.0.0.1",
                "listen_type": "address",
                "type": "spice"
              }
            ],
            "id": "79739562-0da2-4e45-b195-f707ea643f7e",
            "initrd": "",
            "kernel": "",
            "machine": "pc",
            "memory": 1024,
            "metadata": null,
            "name": "worker02",
            "network_interface": [
              {
                "addresses": [
                  "192.168.122.45"
                ],
                "bridge": "",
                "hostname": "",
                "mac": "52:54:00:AE:5A:E1",
                "macvtap": "",
                "network_id": "03fd0302-ca8b-4f8a-a3c2-f36133dc5db0",
                "network_name": "default",
                "passthrough": "",
                "vepa": "",
                "wait_for_lease": true
              }
            ],
            "nvram": [],
            "qemu_agent": false,
            "running": true,
            "timeouts": null,
            "vcpu": 1,
            "video": [],
            "xml": []
          },
          "private": "eyJlMmJmYjczMC1lY2FhLTExZTYtOGY4OC0zNDM2M2JjN2M0YzAiOnsiY3JlYXRlIjozMDAwMDAwMDAwMDB9fQ==",
          "dependencies": [
            "libvirt_cloudinit_disk.commoninit",
            "libvirt_volume.k8s"
          ]
        }
      ]
    },
    {
      "mode": "managed",
      "type": "libvirt_volume",
      "name": "k8s",
      "each": "list",
      "provider": "provider.libvirt",
      "instances": [
        {
          "index_key": 0,
          "schema_version": 0,
          "attributes": {
            "base_volume_id": null,
            "base_volume_name": null,
            "base_volume_pool": null,
            "format": "qcow2",
            "id": "/myvm/myvm/master01.qcow2",
            "name": "master01.qcow2",
            "pool": "MyVM",
            "size": 8589934592,
            "source": "/myvm/myvm/master.qcow2",
            "xml": []
          },
          "private": "bnVsbA=="
        },
        {
          "index_key": 1,
          "schema_version": 0,
          "attributes": {
            "base_volume_id": null,
            "base_volume_name": null,
            "base_volume_pool": null,
            "format": "qcow2",
            "id": "/myvm/myvm/worker01.qcow2",
            "name": "worker01.qcow2",
            "pool": "MyVM",
            "size": 8589934592,
            "source": "/myvm/myvm/master.qcow2",
            "xml": []
          },
          "private": "bnVsbA=="
        },
        {
          "index_key": 2,
          "schema_version": 0,
          "attributes": {
            "base_volume_id": null,
            "base_volume_name": null,
            "base_volume_pool": null,
            "format": "qcow2",
            "id": "/myvm/myvm/worker02.qcow2",
            "name": "worker02.qcow2",
            "pool": "MyVM",
            "size": 8589934592,
            "source": "/myvm/myvm/master.qcow2",
            "xml": []
          },
          "private": "bnVsbA=="
        }
      ]
    }
  ]
}
