{
  "version": 4,
  "terraform_version": "0.12.24",
  "serial": 90,
  "lineage": "1eaa1db5-8c3e-3bf4-a478-fcfb7dafa57b",
  "outputs": {},
  "resources": [
    {
      "mode": "data",
      "type": "template_file",
      "name": "user_data",
      "provider": "provider.template",
      "instances": [
        {
          "schema_version": 0,
          "attributes": {
            "filename": null,
            "id": "df3d177a05d6ab9e6f63efcfe3473ce778705c308c925bd9b2819d97fae0cd4c",
            "rendered": "#cloud-config\nusers:\n  - name: pankaj\n    sudo: ALL=(ALL) NOPASSWD:ALL\n    groups: users, admin, wheel\n    home: /home/pankaj\n    shell: /bin/bash\n    ssh-authorized-keys:\n      - ssh-rsa AAAAB3NzaC1yc2EAAAADAQABAAABAQDTKY0ShGVh6j3i+tK2xpb+LSNSFLb0Dj58VizeWPEynebXZJrzjofDvMC7vs72EsOzy7+hum3/bke9f7eTKpI76mUTLoJlmgy/u4a7W3hP4yDcj+8e3KMU8+GjAVgkfC8bh3ZvhH80Wu2M7N4mMHBkloq2Py8aYw4P2A945txC/PTbJfbybaWA5K5/wey8/5OXNRdqobgIsaDyljYfkitCVKxZhpzxtxLWpp9gGRHibAA98WLglS10jVgcIabyEl9IMVu6CXowD5GzF3PqFWrQiecLKHzKcPWT4l7u/G5FMrw4P8xY4AY4G8y4DzWabqmn/f/HcxID8EpM6kBzrpth pankaj@localhost.localdomain\nssh_pwauth: True\ndisable_root: false\nchpasswd:\n  list: |\n     pankaj:linux\n  expire: False\npackage_update: true\npackages:\n    - qemu-guest-agent\ngrowpart:\n  mode: auto\n  devices: ['/']\n",
            "template": "#cloud-config\nusers:\n  - name: pankaj\n    sudo: ALL=(ALL) NOPASSWD:ALL\n    groups: users, admin, wheel\n    home: /home/pankaj\n    shell: /bin/bash\n    ssh-authorized-keys:\n      - ssh-rsa AAAAB3NzaC1yc2EAAAADAQABAAABAQDTKY0ShGVh6j3i+tK2xpb+LSNSFLb0Dj58VizeWPEynebXZJrzjofDvMC7vs72EsOzy7+hum3/bke9f7eTKpI76mUTLoJlmgy/u4a7W3hP4yDcj+8e3KMU8+GjAVgkfC8bh3ZvhH80Wu2M7N4mMHBkloq2Py8aYw4P2A945txC/PTbJfbybaWA5K5/wey8/5OXNRdqobgIsaDyljYfkitCVKxZhpzxtxLWpp9gGRHibAA98WLglS10jVgcIabyEl9IMVu6CXowD5GzF3PqFWrQiecLKHzKcPWT4l7u/G5FMrw4P8xY4AY4G8y4DzWabqmn/f/HcxID8EpM6kBzrpth pankaj@localhost.localdomain\nssh_pwauth: True\ndisable_root: false\nchpasswd:\n  list: |\n     pankaj:linux\n  expire: False\npackage_update: true\npackages:\n    - qemu-guest-agent\ngrowpart:\n  mode: auto\n  devices: ['/']\n",
            "vars": null
          }
        }
      ]
    },
    {
      "mode": "managed",
      "type": "libvirt_domain",
      "name": "master",
      "provider": "provider.libvirt",
      "instances": []
    },
    {
      "mode": "managed",
      "type": "libvirt_domain",
      "name": "worker",
      "provider": "provider.libvirt",
      "instances": [
        {
          "schema_version": 0,
          "attributes": {
            "arch": "x86_64",
            "autostart": false,
            "boot_device": [],
            "cloudinit": null,
            "cmdline": null,
            "console": [
              {
                "source_host": "127.0.0.1",
                "source_path": "",
                "source_service": "0",
                "target_port": "0",
                "target_type": "serial",
                "type": "pty"
              }
            ],
            "coreos_ignition": null,
            "cpu": null,
            "disk": [
              {
                "file": "",
                "scsi": false,
                "url": "",
                "volume_id": "/myvm/myvm/worker.qcow2",
                "wwn": ""
              }
            ],
            "emulator": "/usr/bin/qemu-system-x86_64",
            "filesystem": [],
            "firmware": "",
            "fw_cfg_name": "opt/com.coreos/config",
            "graphics": [
              {
                "autoport": true,
                "listen_address": "127.0.0.1",
                "listen_type": "address",
                "type": "spice"
              }
            ],
            "id": "2dee1cf2-81a4-4820-9a66-bb09cc8e38fa",
            "initrd": "",
            "kernel": "",
            "machine": "pc",
            "memory": 1024,
            "metadata": null,
            "name": "worker",
            "network_interface": [
              {
                "addresses": [],
                "bridge": "",
                "hostname": "",
                "mac": "52:54:00:6E:19:C6",
                "macvtap": "",
                "network_id": "03fd0302-ca8b-4f8a-a3c2-f36133dc5db0",
                "network_name": "default",
                "passthrough": "",
                "vepa": "",
                "wait_for_lease": false
              }
            ],
            "nvram": [],
            "qemu_agent": false,
            "running": true,
            "timeouts": null,
            "vcpu": 1,
            "video": [],
            "xml": []
          },
          "private": "eyJlMmJmYjczMC1lY2FhLTExZTYtOGY4OC0zNDM2M2JjN2M0YzAiOnsiY3JlYXRlIjozMDAwMDAwMDAwMDB9fQ==",
          "dependencies": [
            "libvirt_volume.worker-qcow2"
          ]
        }
      ]
    },
    {
      "mode": "managed",
      "type": "libvirt_domain",
      "name": "worker2",
      "provider": "provider.libvirt",
      "instances": []
    },
    {
      "mode": "managed",
      "type": "libvirt_volume",
      "name": "k8s-qcow2",
      "provider": "provider.libvirt",
      "instances": []
    },
    {
      "mode": "managed",
      "type": "libvirt_volume",
      "name": "worker-qcow2",
      "provider": "provider.libvirt",
      "instances": [
        {
          "schema_version": 0,
          "attributes": {
            "base_volume_id": null,
            "base_volume_name": null,
            "base_volume_pool": null,
            "format": "qcow2",
            "id": "/myvm/myvm/worker.qcow2",
            "name": "worker.qcow2",
            "pool": "MyVM",
            "size": 8589934592,
            "source": "/myvm/myvm/master.qcow2",
            "xml": []
          },
          "private": "bnVsbA=="
        }
      ]
    },
    {
      "mode": "managed",
      "type": "libvirt_volume",
      "name": "worker2-qcow2",
      "provider": "provider.libvirt",
      "instances": []
    }
  ]
}
